{
    "_meta": {
        "hash": {
            "sha256": "3fa3c44bef130557d7283c80c137513f205eb729db3c6f6a9f6a3592d121dd08"
        },
        "pipfile-spec": 6,
        "requires": {
            "python_version": "3.6"
        },
        "sources": [
            {
                "name": "pypi",
                "url": "https://pypi.org/simple",
                "verify_ssl": true
            }
        ]
    },
    "default": {},
    "develop": {}
}
